
Microsoft Visual Studio Solution File, Format Version 12.00
# Visual Studio Version 17
VisualStudioVersion = 17.0.31903.59
MinimumVisualStudioVersion = 10.0.40219.1
Project("{2150E333-8FDC-42A3-9474-1A3956D46DE8}") = "Solution Items", "Solution Items", "{F599513D-302D-4983-B243-4EBB3AF4DA5B}"
	ProjectSection(SolutionItems) = preProject
		.editorconfig = .editorconfig
	EndProjectSection
EndProject
Project("{2150E333-8FDC-42A3-9474-1A3956D46DE8}") = "src", "src", "{B59C3A8F-CA15-42E3-934E-98FCA5DAF894}"
EndProject
Project("{FAE04EC0-301F-11D3-BF4B-00C04F79EFBC}") = "Users.Api", "Users.Api\Users.Api.csproj", "{BEC11517-9DC6-41CF-B60B-C078C62E8987}"
EndProject
Project("{FAE04EC0-301F-11D3-BF4B-00C04F79EFBC}") = "Users.Domain", "Users.Domain\Users.Domain.csproj", "{85A7AA0B-9742-4656-A392-CD50189B3DFF}"
EndProject
Project("{FAE04EC0-301F-11D3-BF4B-00C04F79EFBC}") = "Users.Application", "Users.Application\Users.Application.csproj", "{3048038B-6A16-4291-995D-FC973FB58996}"
EndProject
Project("{FAE04EC0-301F-11D3-BF4B-00C04F79EFBC}") = "Users.Infrastructure", "Users.Infrastructure\Users.Infrastructure.csproj", "{B5F73F45-9F48-4524-BABF-CBED9C5339D4}"
EndProject
Project("{FAE04EC0-301F-11D3-BF4B-00C04F79EFBC}") = "Users.Presentation", "Users.Presentation\Users.Presentation.csproj", "{AEFBAE5B-7B4E-4CF7-8F78-DD1F61A2480B}"
EndProject
Project("{2150E333-8FDC-42A3-9474-1A3956D46DE8}") = "tests", "tests", "{0EEEEEE4-B554-4863-A737-E70EF081D99A}"
EndProject
Project("{FAE04EC0-301F-11D3-BF4B-00C04F79EFBC}") = "Users.ArchitectureTests", "Users.ArchitectureTests\Users.ArchitectureTests.csproj", "{4CD2FA34-F2AF-4DEC-B3B9-15A893C550FF}"
EndProject
Project("{2150E333-8FDC-42A3-9474-1A3956D46DE8}") = "Users", "Users", "{8D4D57B0-61D4-4F21-BC08-0DDDFA504C5E}"
EndProject
Project("{2150E333-8FDC-42A3-9474-1A3956D46DE8}") = "Users", "Users", "{E8636A00-01E4-4270-90EC-6EB840AC17D2}"
EndProject
Project("{FAE04EC0-301F-11D3-BF4B-00C04F79EFBC}") = "SharedKernel", "SharedKernel\SharedKernel.csproj", "{CD15D81E-4872-4EBA-96BA-1306A5D2167E}"
EndProject
Project("{FAE04EC0-301F-11D3-BF4B-00C04F79EFBC}") = "Users.UnitTests", "Users.UnitTests\Users.UnitTests.csproj", "{36A30F7B-F9C4-4833-AB03-B162E6B06204}"
EndProject
Global
	GlobalSection(SolutionConfigurationPlatforms) = preSolution
		Debug|Any CPU = Debug|Any CPU
		Release|Any CPU = Release|Any CPU
	EndGlobalSection
	GlobalSection(ProjectConfigurationPlatforms) = postSolution
		{BEC11517-9DC6-41CF-B60B-C078C62E8987}.Debug|Any CPU.ActiveCfg = Debug|Any CPU
		{BEC11517-9DC6-41CF-B60B-C078C62E8987}.Debug|Any CPU.Build.0 = Debug|Any CPU
		{BEC11517-9DC6-41CF-B60B-C078C62E8987}.Release|Any CPU.ActiveCfg = Release|Any CPU
		{BEC11517-9DC6-41CF-B60B-C078C62E8987}.Release|Any CPU.Build.0 = Release|Any CPU
		{85A7AA0B-9742-4656-A392-CD50189B3DFF}.Debug|Any CPU.ActiveCfg = Debug|Any CPU
		{85A7AA0B-9742-4656-A392-CD50189B3DFF}.Debug|Any CPU.Build.0 = Debug|Any CPU
		{85A7AA0B-9742-4656-A392-CD50189B3DFF}.Release|Any CPU.ActiveCfg = Release|Any CPU
		{85A7AA0B-9742-4656-A392-CD50189B3DFF}.Release|Any CPU.Build.0 = Release|Any CPU
		{3048038B-6A16-4291-995D-FC973FB58996}.Debug|Any CPU.ActiveCfg = Debug|Any CPU
		{3048038B-6A16-4291-995D-FC973FB58996}.Debug|Any CPU.Build.0 = Debug|Any CPU
		{3048038B-6A16-4291-995D-FC973FB58996}.Release|Any CPU.ActiveCfg = Release|Any CPU
		{3048038B-6A16-4291-995D-FC973FB58996}.Release|Any CPU.Build.0 = Release|Any CPU
		{B5F73F45-9F48-4524-BABF-CBED9C5339D4}.Debug|Any CPU.ActiveCfg = Debug|Any CPU
		{B5F73F45-9F48-4524-BABF-CBED9C5339D4}.Debug|Any CPU.Build.0 = Debug|Any CPU
		{B5F73F45-9F48-4524-BABF-CBED9C5339D4}.Release|Any CPU.ActiveCfg = Release|Any CPU
		{B5F73F45-9F48-4524-BABF-CBED9C5339D4}.Release|Any CPU.Build.0 = Release|Any CPU
		{AEFBAE5B-7B4E-4CF7-8F78-DD1F61A2480B}.Debug|Any CPU.ActiveCfg = Debug|Any CPU
		{AEFBAE5B-7B4E-4CF7-8F78-DD1F61A2480B}.Debug|Any CPU.Build.0 = Debug|Any CPU
		{AEFBAE5B-7B4E-4CF7-8F78-DD1F61A2480B}.Release|Any CPU.ActiveCfg = Release|Any CPU
		{AEFBAE5B-7B4E-4CF7-8F78-DD1F61A2480B}.Release|Any CPU.Build.0 = Release|Any CPU
		{4CD2FA34-F2AF-4DEC-B3B9-15A893C550FF}.Debug|Any CPU.ActiveCfg = Debug|Any CPU
		{4CD2FA34-F2AF-4DEC-B3B9-15A893C550FF}.Debug|Any CPU.Build.0 = Debug|Any CPU
		{4CD2FA34-F2AF-4DEC-B3B9-15A893C550FF}.Release|Any CPU.ActiveCfg = Release|Any CPU
		{4CD2FA34-F2AF-4DEC-B3B9-15A893C550FF}.Release|Any CPU.Build.0 = Release|Any CPU
		{CD15D81E-4872-4EBA-96BA-1306A5D2167E}.Debug|Any CPU.ActiveCfg = Debug|Any CPU
		{CD15D81E-4872-4EBA-96BA-1306A5D2167E}.Debug|Any CPU.Build.0 = Debug|Any CPU
		{CD15D81E-4872-4EBA-96BA-1306A5D2167E}.Release|Any CPU.ActiveCfg = Release|Any CPU
		{CD15D81E-4872-4EBA-96BA-1306A5D2167E}.Release|Any CPU.Build.0 = Release|Any CPU
		{36A30F7B-F9C4-4833-AB03-B162E6B06204}.Debug|Any CPU.ActiveCfg = Debug|Any CPU
		{36A30F7B-F9C4-4833-AB03-B162E6B06204}.Debug|Any CPU.Build.0 = Debug|Any CPU
		{36A30F7B-F9C4-4833-AB03-B162E6B06204}.Release|Any CPU.ActiveCfg = Release|Any CPU
		{36A30F7B-F9C4-4833-AB03-B162E6B06204}.Release|Any CPU.Build.0 = Release|Any CPU
	EndGlobalSection
	GlobalSection(SolutionProperties) = preSolution
		HideSolutionNode = FALSE
	EndGlobalSection
	GlobalSection(NestedProjects) = preSolution
		{BEC11517-9DC6-41CF-B60B-C078C62E8987} = {8D4D57B0-61D4-4F21-BC08-0DDDFA504C5E}
		{85A7AA0B-9742-4656-A392-CD50189B3DFF} = {8D4D57B0-61D4-4F21-BC08-0DDDFA504C5E}
		{3048038B-6A16-4291-995D-FC973FB58996} = {8D4D57B0-61D4-4F21-BC08-0DDDFA504C5E}
		{B5F73F45-9F48-4524-BABF-CBED9C5339D4} = {8D4D57B0-61D4-4F21-BC08-0DDDFA504C5E}
		{AEFBAE5B-7B4E-4CF7-8F78-DD1F61A2480B} = {8D4D57B0-61D4-4F21-BC08-0DDDFA504C5E}
		{4CD2FA34-F2AF-4DEC-B3B9-15A893C550FF} = {E8636A00-01E4-4270-90EC-6EB840AC17D2}
		{8D4D57B0-61D4-4F21-BC08-0DDDFA504C5E} = {B59C3A8F-CA15-42E3-934E-98FCA5DAF894}
		{E8636A00-01E4-4270-90EC-6EB840AC17D2} = {0EEEEEE4-B554-4863-A737-E70EF081D99A}
		{CD15D81E-4872-4EBA-96BA-1306A5D2167E} = {B59C3A8F-CA15-42E3-934E-98FCA5DAF894}
		{36A30F7B-F9C4-4833-AB03-B162E6B06204} = {E8636A00-01E4-4270-90EC-6EB840AC17D2}
	EndGlobalSection
	GlobalSection(ExtensibilityGlobals) = postSolution
		SolutionGuid = {3E5D458F-3E4B-47AF-A1DE-D3BAA82C73E7}
	EndGlobalSection
EndGlobal
